// !$*UTF8*$!
{
	archiveVersion = 1;
	classes = {
	};
	objectVersion = 51;
	objects = {

/* Begin PBXBuildFile section */
		2CA986E27CEA65DB44ECAC09 /* Pods_News.framework in Frameworks */ = {isa = PBXBuildFile; fileRef = 6673B5E5CC981EE8B2F8CC30 /* Pods_News.framework */; };
		5B080EBC2563CAB200CA85D9 /* NewsManager.swift in Sources */ = {isa = PBXBuildFile; fileRef = 5B080EBB2563CAB200CA85D9 /* NewsManager.swift */; };
		5BB9D40F256292D000B06BC7 /* AppDelegate.swift in Sources */ = {isa = PBXBuildFile; fileRef = 5BB9D40E256292D000B06BC7 /* AppDelegate.swift */; };
		5BB9D411256292D000B06BC7 /* SceneDelegate.swift in Sources */ = {isa = PBXBuildFile; fileRef = 5BB9D410256292D000B06BC7 /* SceneDelegate.swift */; };
		5BB9D413256292D000B06BC7 /* ViewController.swift in Sources */ = {isa = PBXBuildFile; fileRef = 5BB9D412256292D000B06BC7 /* ViewController.swift */; };
		5BB9D416256292D000B06BC7 /* Main.storyboard in Resources */ = {isa = PBXBuildFile; fileRef = 5BB9D414256292D000B06BC7 /* Main.storyboard */; };
		5BB9D418256292D200B06BC7 /* Assets.xcassets in Resources */ = {isa = PBXBuildFile; fileRef = 5BB9D417256292D200B06BC7 /* Assets.xcassets */; };
		5BB9D41B256292D200B06BC7 /* LaunchScreen.storyboard in Resources */ = {isa = PBXBuildFile; fileRef = 5BB9D419256292D200B06BC7 /* LaunchScreen.storyboard */; };
		5BD642172562B5E300297BC6 /* Source.swift in Sources */ = {isa = PBXBuildFile; fileRef = 5BD642142562B5E300297BC6 /* Source.swift */; };
		5BD642182562B5E300297BC6 /* Articles.swift in Sources */ = {isa = PBXBuildFile; fileRef = 5BD642152562B5E300297BC6 /* Articles.swift */; };
		5BD642192562B5E300297BC6 /* ArticleList.swift in Sources */ = {isa = PBXBuildFile; fileRef = 5BD642162562B5E300297BC6 /* ArticleList.swift */; };
		5BD6421C2562B5F200297BC6 /* Endpoints.swift in Sources */ = {isa = PBXBuildFile; fileRef = 5BD6421B2562B5F200297BC6 /* Endpoints.swift */; };
/* End PBXBuildFile section */

/* Begin PBXFileReference section */
		4DA12FB379A73673CD67EB11 /* Pods-News.release.xcconfig */ = {isa = PBXFileReference; includeInIndex = 1; lastKnownFileType = text.xcconfig; name = "Pods-News.release.xcconfig"; path = "Target Support Files/Pods-News/Pods-News.release.xcconfig"; sourceTree = "<group>"; };
		5B080EBB2563CAB200CA85D9 /* NewsManager.swift */ = {isa = PBXFileReference; lastKnownFileType = sourcecode.swift; path = NewsManager.swift; sourceTree = "<group>"; };
		5BB9D40B256292D000B06BC7 /* News.app */ = {isa = PBXFileReference; explicitFileType = wrapper.application; includeInIndex = 0; path = News.app; sourceTree = BUILT_PRODUCTS_DIR; };
		5BB9D40E256292D000B06BC7 /* AppDelegate.swift */ = {isa = PBXFileReference; lastKnownFileType = sourcecode.swift; path = AppDelegate.swift; sourceTree = "<group>"; };
		5BB9D410256292D000B06BC7 /* SceneDelegate.swift */ = {isa = PBXFileReference; lastKnownFileType = sourcecode.swift; path = SceneDelegate.swift; sourceTree = "<group>"; };
		5BB9D412256292D000B06BC7 /* ViewController.swift */ = {isa = PBXFileReference; lastKnownFileType = sourcecode.swift; path = ViewController.swift; sourceTree = "<group>"; };
		5BB9D415256292D000B06BC7 /* Base */ = {isa = PBXFileReference; lastKnownFileType = file.storyboard; name = Base; path = Base.lproj/Main.storyboard; sourceTree = "<group>"; };
		5BB9D417256292D200B06BC7 /* Assets.xcassets */ = {isa = PBXFileReference; lastKnownFileType = folder.assetcatalog; path = Assets.xcassets; sourceTree = "<group>"; };
		5BB9D41A256292D200B06BC7 /* Base */ = {isa = PBXFileReference; lastKnownFileType = file.storyboard; name = Base; path = Base.lproj/LaunchScreen.storyboard; sourceTree = "<group>"; };
		5BB9D41C256292D200B06BC7 /* Info.plist */ = {isa = PBXFileReference; lastKnownFileType = text.plist.xml; path = Info.plist; sourceTree = "<group>"; };
		5BD642142562B5E300297BC6 /* Source.swift */ = {isa = PBXFileReference; fileEncoding = 4; lastKnownFileType = sourcecode.swift; path = Source.swift; sourceTree = "<group>"; };
		5BD642152562B5E300297BC6 /* Articles.swift */ = {isa = PBXFileReference; fileEncoding = 4; lastKnownFileType = sourcecode.swift; path = Articles.swift; sourceTree = "<group>"; };
		5BD642162562B5E300297BC6 /* ArticleList.swift */ = {isa = PBXFileReference; fileEncoding = 4; lastKnownFileType = sourcecode.swift; path = ArticleList.swift; sourceTree = "<group>"; };
		5BD6421B2562B5F200297BC6 /* Endpoints.swift */ = {isa = PBXFileReference; fileEncoding = 4; lastKnownFileType = sourcecode.swift; path = Endpoints.swift; sourceTree = "<group>"; };
		6673B5E5CC981EE8B2F8CC30 /* Pods_News.framework */ = {isa = PBXFileReference; explicitFileType = wrapper.framework; includeInIndex = 0; path = Pods_News.framework; sourceTree = BUILT_PRODUCTS_DIR; };
		D82104F889E1CD2FC740E046 /* Pods-News.debug.xcconfig */ = {isa = PBXFileReference; includeInIndex = 1; lastKnownFileType = text.xcconfig; name = "Pods-News.debug.xcconfig"; path = "Target Support Files/Pods-News/Pods-News.debug.xcconfig"; sourceTree = "<group>"; };
/* End PBXFileReference section */

/* Begin PBXFrameworksBuildPhase section */
		5BB9D408256292D000B06BC7 /* Frameworks */ = {
			isa = PBXFrameworksBuildPhase;
			buildActionMask = 2147483647;
			files = (
				2CA986E27CEA65DB44ECAC09 /* Pods_News.framework in Frameworks */,
			);
			runOnlyForDeploymentPostprocessing = 0;
		};
/* End PBXFrameworksBuildPhase section */

/* Begin PBXGroup section */
		4AA289B463AA2EA02E220F83 /* Pods */ = {
			isa = PBXGroup;
			children = (
				D82104F889E1CD2FC740E046 /* Pods-News.debug.xcconfig */,
				4DA12FB379A73673CD67EB11 /* Pods-News.release.xcconfig */,
			);
			path = Pods;
			sourceTree = "<group>";
		};
		5B93E090E2189095FD282933 /* Frameworks */ = {
			isa = PBXGroup;
			children = (
				6673B5E5CC981EE8B2F8CC30 /* Pods_News.framework */,
			);
			name = Frameworks;
			sourceTree = "<group>";
		};
		5BB9D402256292CF00B06BC7 = {
			isa = PBXGroup;
			children = (
				5BB9D40D256292D000B06BC7 /* News */,
				5BB9D40C256292D000B06BC7 /* Products */,
				4AA289B463AA2EA02E220F83 /* Pods */,
				5B93E090E2189095FD282933 /* Frameworks */,
			);
			sourceTree = "<group>";
		};
		5BB9D40C256292D000B06BC7 /* Products */ = {
			isa = PBXGroup;
			children = (
				5BB9D40B256292D000B06BC7 /* News.app */,
			);
			name = Products;
			sourceTree = "<group>";
		};
		5BB9D40D256292D000B06BC7 /* News */ = {
			isa = PBXGroup;
			children = (
				5BD6420F2562B59C00297BC6 /* Common */,
				5BD642112562B5B100297BC6 /* Views */,
				5BD642122562B5B800297BC6 /* Managers */,
				5BD642132562B5BF00297BC6 /* Data */,
				5BB9D40E256292D000B06BC7 /* AppDelegate.swift */,
				5BB9D410256292D000B06BC7 /* SceneDelegate.swift */,
				5BB9D412256292D000B06BC7 /* ViewController.swift */,
				5BB9D414256292D000B06BC7 /* Main.storyboard */,
				5BB9D417256292D200B06BC7 /* Assets.xcassets */,
				5BB9D419256292D200B06BC7 /* LaunchScreen.storyboard */,
				5BB9D41C256292D200B06BC7 /* Info.plist */,
			);
			path = News;
			sourceTree = "<group>";
		};
		5BD6420F2562B59C00297BC6 /* Common */ = {
			isa = PBXGroup;
			children = (
				5BD6421B2562B5F200297BC6 /* Endpoints.swift */,
			);
			path = Common;
			sourceTree = "<group>";
		};
		5BD642112562B5B100297BC6 /* Views */ = {
			isa = PBXGroup;
			children = (
			);
			path = Views;
			sourceTree = "<group>";
		};
		5BD642122562B5B800297BC6 /* Managers */ = {
			isa = PBXGroup;
			children = (
				5B080EBB2563CAB200CA85D9 /* NewsManager.swift */,
			);
			path = Managers;
			sourceTree = "<group>";
		};
		5BD642132562B5BF00297BC6 /* Data */ = {
			isa = PBXGroup;
			children = (
				5BD642162562B5E300297BC6 /* ArticleList.swift */,
				5BD642152562B5E300297BC6 /* Articles.swift */,
				5BD642142562B5E300297BC6 /* Source.swift */,
			);
			path = Data;
			sourceTree = "<group>";
		};
/* End PBXGroup section */

/* Begin PBXNativeTarget section */
		5BB9D40A256292D000B06BC7 /* News */ = {
			isa = PBXNativeTarget;
			buildConfigurationList = 5BB9D41F256292D200B06BC7 /* Build configuration list for PBXNativeTarget "News" */;
			buildPhases = (
				91A3B21740E74901D4691EDF /* [CP] Check Pods Manifest.lock */,
				5BB9D407256292D000B06BC7 /* Sources */,
				5BB9D408256292D000B06BC7 /* Frameworks */,
				5BB9D409256292D000B06BC7 /* Resources */,
				09DE38FF2014B16FEA1C1551 /* [CP] Embed Pods Frameworks */,
			);
			buildRules = (
			);
			dependencies = (
			);
			name = News;
			productName = News;
			productReference = 5BB9D40B256292D000B06BC7 /* News.app */;
			productType = "com.apple.product-type.application";
		};
/* End PBXNativeTarget section */

/* Begin PBXProject section */
		5BB9D403256292CF00B06BC7 /* Project object */ = {
			isa = PBXProject;
			attributes = {
				LastSwiftUpdateCheck = 1220;
				LastUpgradeCheck = 1220;
				TargetAttributes = {
					5BB9D40A256292D000B06BC7 = {
						CreatedOnToolsVersion = 12.2;
					};
				};
			};
			buildConfigurationList = 5BB9D406256292CF00B06BC7 /* Build configuration list for PBXProject "News" */;
			compatibilityVersion = "Xcode 9.3";
			developmentRegion = en;
			hasScannedForEncodings = 0;
			knownRegions = (
				en,
				Base,
			);
			mainGroup = 5BB9D402256292CF00B06BC7;
			productRefGroup = 5BB9D40C256292D000B06BC7 /* Products */;
			projectDirPath = "";
			projectRoot = "";
			targets = (
				5BB9D40A256292D000B06BC7 /* News */,
			);
		};
/* End PBXProject section */

/* Begin PBXResourcesBuildPhase section */
		5BB9D409256292D000B06BC7 /* Resources */ = {
			isa = PBXResourcesBuildPhase;
			buildActionMask = 2147483647;
			files = (
				5BB9D41B256292D200B06BC7 /* LaunchScreen.storyboard in Resources */,
				5BB9D418256292D200B06BC7 /* Assets.xcassets in Resources */,
				5BB9D416256292D000B06BC7 /* Main.storyboard in Resources */,
			);
			runOnlyForDeploymentPostprocessing = 0;
		};
/* End PBXResourcesBuildPhase section */

/* Begin PBXShellScriptBuildPhase section */
		09DE38FF2014B16FEA1C1551 /* [CP] Embed Pods Frameworks */ = {
			isa = PBXShellScriptBuildPhase;
			buildActionMask = 2147483647;
			files = (
			);
			inputFileListPaths = (
				"${PODS_ROOT}/Target Support Files/Pods-News/Pods-News-frameworks-${CONFIGURATION}-input-files.xcfilelist",
			);
			name = "[CP] Embed Pods Frameworks";
			outputFileListPaths = (
				"${PODS_ROOT}/Target Support Files/Pods-News/Pods-News-frameworks-${CONFIGURATION}-output-files.xcfilelist",
			);
			runOnlyForDeploymentPostprocessing = 0;
			shellPath = /bin/sh;
			shellScript = "\"${PODS_ROOT}/Target Support Files/Pods-News/Pods-News-frameworks.sh\"\n";
			showEnvVarsInLog = 0;
		};
		91A3B21740E74901D4691EDF /* [CP] Check Pods Manifest.lock */ = {
			isa = PBXShellScriptBuildPhase;
			buildActionMask = 2147483647;
			files = (
			);
			inputFileListPaths = (
			);
			inputPaths = (
				"${PODS_PODFILE_DIR_PATH}/Podfile.lock",
				"${PODS_ROOT}/Manifest.lock",
			);
			name = "[CP] Check Pods Manifest.lock";
			outputFileListPaths = (
			);
			outputPaths = (
				"$(DERIVED_FILE_DIR)/Pods-News-checkManifestLockResult.txt",
			);
			runOnlyForDeploymentPostprocessing = 0;
			shellPath = /bin/sh;
			shellScript = "diff \"${PODS_PODFILE_DIR_PATH}/Podfile.lock\" \"${PODS_ROOT}/Manifest.lock\" > /dev/null\nif [ $? != 0 ] ; then\n    # print error to STDERR\n    echo \"error: The sandbox is not in sync with the Podfile.lock. Run 'pod install' or update your CocoaPods installation.\" >&2\n    exit 1\nfi\n# This output is used by Xcode 'outputs' to avoid re-running this script phase.\necho \"SUCCESS\" > \"${SCRIPT_OUTPUT_FILE_0}\"\n";
			showEnvVarsInLog = 0;
		};
/* End PBXShellScriptBuildPhase section */

/* Begin PBXSourcesBuildPhase section */
		5BB9D407256292D000B06BC7 /* Sources */ = {
			isa = PBXSourcesBuildPhase;
			buildActionMask = 2147483647;
			files = (
				5BD642172562B5E300297BC6 /* Source.swift in Sources */,
				5BD642182562B5E300297BC6 /* Articles.swift in Sources */,
				5BD642192562B5E300297BC6 /* ArticleList.swift in Sources */,
				5BD6421C2562B5F200297BC6 /* Endpoints.swift in Sources */,
				5B080EBC2563CAB200CA85D9 /* NewsManager.swift in Sources */,
				5BB9D413256292D000B06BC7 /* ViewController.swift in Sources */,
				5BB9D40F256292D000B06BC7 /* AppDelegate.swift in Sources */,
				5BB9D411256292D000B06BC7 /* SceneDelegate.swift in Sources */,
			);
			runOnlyForDeploymentPostprocessing = 0;
		};
/* End PBXSourcesBuildPhase section */

/* Begin PBXVariantGroup section */
		5BB9D414256292D000B06BC7 /* Main.storyboard */ = {
			isa = PBXVariantGroup;
			children = (
				5BB9D415256292D000B06BC7 /* Base */,
			);
			name = Main.storyboard;
			sourceTree = "<group>";
		};
		5BB9D419256292D200B06BC7 /* LaunchScreen.storyboard */ = {
			isa = PBXVariantGroup;
			children = (
				5BB9D41A256292D200B06BC7 /* Base */,
			);
			name = LaunchScreen.storyboard;
			sourceTree = "<group>";
		};
/* End PBXVariantGroup section */

/* Begin XCBuildConfiguration section */
		5BB9D41D256292D200B06BC7 /* Debug */ = {
			isa = XCBuildConfiguration;
			buildSettings = {
				ALWAYS_SEARCH_USER_PATHS = NO;
				CLANG_ANALYZER_NONNULL = YES;
				CLANG_ANALYZER_NUMBER_OBJECT_CONVERSION = YES_AGGRESSIVE;
				CLANG_CXX_LANGUAGE_STANDARD = "gnu++14";
				CLANG_CXX_LIBRARY = "libc++";
				CLANG_ENABLE_MODULES = YES;
				CLANG_ENABLE_OBJC_ARC = YES;
				CLANG_ENABLE_OBJC_WEAK = YES;
				CLANG_WARN_BLOCK_CAPTURE_AUTORELEASING = YES;
				CLANG_WARN_BOOL_CONVERSION = YES;
				CLANG_WARN_COMMA = YES;
				CLANG_WARN_CONSTANT_CONVERSION = YES;
				CLANG_WARN_DEPRECATED_OBJC_IMPLEMENTATIONS = YES;
				CLANG_WARN_DIRECT_OBJC_ISA_USAGE = YES_ERROR;
				CLANG_WARN_DOCUMENTATION_COMMENTS = YES;
				CLANG_WARN_EMPTY_BODY = YES;
				CLANG_WARN_ENUM_CONVERSION = YES;
				CLANG_WARN_INFINITE_RECURSION = YES;
				CLANG_WARN_INT_CONVERSION = YES;
				CLANG_WARN_NON_LITERAL_NULL_CONVERSION = YES;
				CLANG_WARN_OBJC_IMPLICIT_RETAIN_SELF = YES;
				CLANG_WARN_OBJC_LITERAL_CONVERSION = YES;
				CLANG_WARN_OBJC_ROOT_CLASS = YES_ERROR;
				CLANG_WARN_QUOTED_INCLUDE_IN_FRAMEWORK_HEADER = YES;
				CLANG_WARN_RANGE_LOOP_ANALYSIS = YES;
				CLANG_WARN_STRICT_PROTOTYPES = YES;
				CLANG_WARN_SUSPICIOUS_MOVE = YES;
				CLANG_WARN_UNGUARDED_AVAILABILITY = YES_AGGRESSIVE;
				CLANG_WARN_UNREACHABLE_CODE = YES;
				CLANG_WARN__DUPLICATE_METHOD_MATCH = YES;
				COPY_PHASE_STRIP = NO;
				DEBUG_INFORMATION_FORMAT = dwarf;
				ENABLE_STRICT_OBJC_MSGSEND = YES;
				ENABLE_TESTABILITY = YES;
				GCC_C_LANGUAGE_STANDARD = gnu11;
				GCC_DYNAMIC_NO_PIC = NO;
				GCC_NO_COMMON_BLOCKS = YES;
				GCC_OPTIMIZATION_LEVEL = 0;
				GCC_PREPROCESSOR_DEFINITIONS = (
					"DEBUG=1",
					"$(inherited)",
				);
				GCC_WARN_64_TO_32_BIT_CONVERSION = YES;
				GCC_WARN_ABOUT_RETURN_TYPE = YES_ERROR;
				GCC_WARN_UNDECLARED_SELECTOR = YES;
				GCC_WARN_UNINITIALIZED_AUTOS = YES_AGGRESSIVE;
				GCC_WARN_UNUSED_FUNCTION = YES;
				GCC_WARN_UNUSED_VARIABLE = YES;
				IPHONEOS_DEPLOYMENT_TARGET = 14.2;
				MTL_ENABLE_DEBUG_INFO = INCLUDE_SOURCE;
				MTL_FAST_MATH = YES;
				ONLY_ACTIVE_ARCH = YES;
				SDKROOT = iphoneos;
				SWIFT_ACTIVE_COMPILATION_CONDITIONS = DEBUG;
				SWIFT_OPTIMIZATION_LEVEL = "-Onone";
			};
			name = Debug;
		};
		5BB9D41E256292D200B06BC7 /* Release */ = {
			isa = XCBuildConfiguration;
			buildSettings = {
				ALWAYS_SEARCH_USER_PATHS = NO;
				CLANG_ANALYZER_NONNULL = YES;
				CLANG_ANALYZER_NUMBER_OBJECT_CONVERSION = YES_AGGRESSIVE;
				CLANG_CXX_LANGUAGE_STANDARD = "gnu++14";
				CLANG_CXX_LIBRARY = "libc++";
				CLANG_ENABLE_MODULES = YES;
				CLANG_ENABLE_OBJC_ARC = YES;
				CLANG_ENABLE_OBJC_WEAK = YES;
				CLANG_WARN_BLOCK_CAPTURE_AUTORELEASING = YES;
				CLANG_WARN_BOOL_CONVERSION = YES;
				CLANG_WARN_COMMA = YES;
				CLANG_WARN_CONSTANT_CONVERSION = YES;
				CLANG_WARN_DEPRECATED_OBJC_IMPLEMENTATIONS = YES;
				CLANG_WARN_DIRECT_OBJC_ISA_USAGE = YES_ERROR;
				CLANG_WARN_DOCUMENTATION_COMMENTS = YES;
				CLANG_WARN_EMPTY_BODY = YES;
				CLANG_WARN_ENUM_CONVERSION = YES;
				CLANG_WARN_INFINITE_RECURSION = YES;
				CLANG_WARN_INT_CONVERSION = YES;
				CLANG_WARN_NON_LITERAL_NULL_CONVERSION = YES;
				CLANG_WARN_OBJC_IMPLICIT_RETAIN_SELF = YES;
				CLANG_WARN_OBJC_LITERAL_CONVERSION = YES;
				CLANG_WARN_OBJC_ROOT_CLASS = YES_ERROR;
				CLANG_WARN_QUOTED_INCLUDE_IN_FRAMEWORK_HEADER = YES;
				CLANG_WARN_RANGE_LOOP_ANALYSIS = YES;
				CLANG_WARN_STRICT_PROTOTYPES = YES;
				CLANG_WARN_SUSPICIOUS_MOVE = YES;
				CLANG_WARN_UNGUARDED_AVAILABILITY = YES_AGGRESSIVE;
				CLANG_WARN_UNREACHABLE_CODE = YES;
				CLANG_WARN__DUPLICATE_METHOD_MATCH = YES;
				COPY_PHASE_STRIP = NO;
				DEBUG_INFORMATION_FORMAT = "dwarf-with-dsym";
				ENABLE_NS_ASSERTIONS = NO;
				ENABLE_STRICT_OBJC_MSGSEND = YES;
				GCC_C_LANGUAGE_STANDARD = gnu11;
				GCC_NO_COMMON_BLOCKS = YES;
				GCC_WARN_64_TO_32_BIT_CONVERSION = YES;
				GCC_WARN_ABOUT_RETURN_TYPE = YES_ERROR;
				GCC_WARN_UNDECLARED_SELECTOR = YES;
				GCC_WARN_UNINITIALIZED_AUTOS = YES_AGGRESSIVE;
				GCC_WARN_UNUSED_FUNCTION = YES;
				GCC_WARN_UNUSED_VARIABLE = YES;
				IPHONEOS_DEPLOYMENT_TARGET = 14.2;
				MTL_ENABLE_DEBUG_INFO = NO;
				MTL_FAST_MATH = YES;
				SDKROOT = iphoneos;
				SWIFT_COMPILATION_MODE = wholemodule;
				SWIFT_OPTIMIZATION_LEVEL = "-O";
				VALIDATE_PRODUCT = YES;
			};
			name = Release;
		};
		5BB9D420256292D200B06BC7 /* Debug */ = {
			isa = XCBuildConfiguration;
			baseConfigurationReference = D82104F889E1CD2FC740E046 /* Pods-News.debug.xcconfig */;
			buildSettings = {
				ASSETCATALOG_COMPILER_APPICON_NAME = AppIcon;
				ASSETCATALOG_COMPILER_GLOBAL_ACCENT_COLOR_NAME = AccentColor;
				CODE_SIGN_STYLE = Automatic;
				DEVELOPMENT_TEAM = JN234S6LJ9;
				INFOPLIST_FILE = News/Info.plist;
				LD_RUNPATH_SEARCH_PATHS = (
					"$(inherited)",
					"@executable_path/Frameworks",
				);
				PRODUCT_BUNDLE_IDENTIFIER = com.Marinsm.Pantalla1.News;
				PRODUCT_NAME = "$(TARGET_NAME)";
				SWIFT_VERSION = 5.0;
				TARGETED_DEVICE_FAMILY = "1,2";
			};
			name = Debug;
		};
		5BB9D421256292D200B06BC7 /* Release */ = {
			isa = XCBuildConfiguration;
			baseConfigurationReference = 4DA12FB379A73673CD67EB11 /* Pods-News.release.xcconfig */;
			buildSettings = {
				ASSETCATALOG_COMPILER_APPICON_NAME = AppIcon;
				ASSETCATALOG_COMPILER_GLOBAL_ACCENT_COLOR_NAME = AccentColor;
				CODE_SIGN_STYLE = Automatic;
				DEVELOPMENT_TEAM = JN234S6LJ9;
				INFOPLIST_FILE = News/Info.plist;
				LD_RUNPATH_SEARCH_PATHS = (
					"$(inherited)",
					"@executable_path/Frameworks",
				);
				PRODUCT_BUNDLE_IDENTIFIER = com.Marinsm.Pantalla1.News;
				PRODUCT_NAME = "$(TARGET_NAME)";
				SWIFT_VERSION = 5.0;
				TARGETED_DEVICE_FAMILY = "1,2";
			};
			name = Release;
		};
/* End XCBuildConfiguration section */

/* Begin XCConfigurationList section */
		5BB9D406256292CF00B06BC7 /* Build configuration list for PBXProject "News" */ = {
			isa = XCConfigurationList;
			buildConfigurations = (
				5BB9D41D256292D200B06BC7 /* Debug */,
				5BB9D41E256292D200B06BC7 /* Release */,
			);
			defaultConfigurationIsVisible = 0;
			defaultConfigurationName = Release;
		};
		5BB9D41F256292D200B06BC7 /* Build configuration list for PBXNativeTarget "News" */ = {
			isa = XCConfigurationList;
			buildConfigurations = (
				5BB9D420256292D200B06BC7 /* Debug */,
				5BB9D421256292D200B06BC7 /* Release */,
			);
			defaultConfigurationIsVisible = 0;
			defaultConfigurationName = Release;
		};
/* End XCConfigurationList section */
	};
	rootObject = 5BB9D403256292CF00B06BC7 /* Project object */;
}
